
Microsoft Visual Studio Solution File, Format Version 12.00
# Visual Studio 15
VisualStudioVersion = 15.0.27130.2010
MinimumVisualStudioVersion = 10.0.40219.1
Project("{FAE04EC0-301F-11D3-BF4B-00C04F79EFBC}") = "EcoSim", "EcoSim\EcoSim.csproj", "{6C19AE14-6489-433D-BB72-3AE163C1B262}"
EndProject
Project("{FAE04EC0-301F-11D3-BF4B-00C04F79EFBC}") = "GameEngine", "GameEngine\GameEngine.csproj", "{69603024-A6C1-4430-9AD7-1D23C261610D}"
EndProject
Global
	GlobalSection(SolutionConfigurationPlatforms) = preSolution
		Debug|Any CPU = Debug|Any CPU
		Release|Any CPU = Release|Any CPU
	EndGlobalSection
	GlobalSection(ProjectConfigurationPlatforms) = postSolution
		{6C19AE14-6489-433D-BB72-3AE163C1B262}.Debug|Any CPU.ActiveCfg = Debug|Any CPU
		{6C19AE14-6489-433D-BB72-3AE163C1B262}.Debug|Any CPU.Build.0 = Debug|Any CPU
		{6C19AE14-6489-433D-BB72-3AE163C1B262}.Release|Any CPU.ActiveCfg = Release|Any CPU
		{6C19AE14-6489-433D-BB72-3AE163C1B262}.Release|Any CPU.Build.0 = Release|Any CPU
		{69603024-A6C1-4430-9AD7-1D23C261610D}.Debug|Any CPU.ActiveCfg = Debug|Any CPU
		{69603024-A6C1-4430-9AD7-1D23C261610D}.Debug|Any CPU.Build.0 = Debug|Any CPU
		{69603024-A6C1-4430-9AD7-1D23C261610D}.Release|Any CPU.ActiveCfg = Release|Any CPU
		{69603024-A6C1-4430-9AD7-1D23C261610D}.Release|Any CPU.Build.0 = Release|Any CPU
	EndGlobalSection
	GlobalSection(SolutionProperties) = preSolution
		HideSolutionNode = FALSE
	EndGlobalSection
	GlobalSection(ExtensibilityGlobals) = postSolution
		SolutionGuid = {78663D09-7FD7-4849-97A4-5288E6589D02}
	EndGlobalSection
EndGlobal
